
Microsoft Visual Studio Solution File, Format Version 12.00
# Visual Studio Version 17
VisualStudioVersion = 17.1.32210.238
MinimumVisualStudioVersion = 10.0.40219.1
Project("{FAE04EC0-301F-11D3-BF4B-00C04F79EFBC}") = "Presentacion", "Presentacion\Presentacion.csproj", "{3BEA09F4-7C9B-4CD7-82B1-2549AC416FCC}"
EndProject
Project("{9A19103F-16F7-4668-BE54-9A1E7A4F7556}") = "Logica", "Logica\Logica.csproj", "{A90ED0EF-B2F9-4458-AC31-4A25F72B4609}"
EndProject
Project("{9A19103F-16F7-4668-BE54-9A1E7A4F7556}") = "Entidades", "Entidades\Entidades.csproj", "{9F4ADBB4-BF3D-4053-99D7-25921ABA80F1}"
EndProject
Project("{9A19103F-16F7-4668-BE54-9A1E7A4F7556}") = "Datos", "Datos\Datos.csproj", "{997B3116-4C07-4A04-A6E4-754A814A04B7}"
EndProject
Global
	GlobalSection(SolutionConfigurationPlatforms) = preSolution
		Debug|Any CPU = Debug|Any CPU
		Release|Any CPU = Release|Any CPU
	EndGlobalSection
	GlobalSection(ProjectConfigurationPlatforms) = postSolution
		{3BEA09F4-7C9B-4CD7-82B1-2549AC416FCC}.Debug|Any CPU.ActiveCfg = Debug|Any CPU
		{3BEA09F4-7C9B-4CD7-82B1-2549AC416FCC}.Debug|Any CPU.Build.0 = Debug|Any CPU
		{3BEA09F4-7C9B-4CD7-82B1-2549AC416FCC}.Release|Any CPU.ActiveCfg = Release|Any CPU
		{3BEA09F4-7C9B-4CD7-82B1-2549AC416FCC}.Release|Any CPU.Build.0 = Release|Any CPU
		{A90ED0EF-B2F9-4458-AC31-4A25F72B4609}.Debug|Any CPU.ActiveCfg = Debug|Any CPU
		{A90ED0EF-B2F9-4458-AC31-4A25F72B4609}.Debug|Any CPU.Build.0 = Debug|Any CPU
		{A90ED0EF-B2F9-4458-AC31-4A25F72B4609}.Release|Any CPU.ActiveCfg = Release|Any CPU
		{A90ED0EF-B2F9-4458-AC31-4A25F72B4609}.Release|Any CPU.Build.0 = Release|Any CPU
		{9F4ADBB4-BF3D-4053-99D7-25921ABA80F1}.Debug|Any CPU.ActiveCfg = Debug|Any CPU
		{9F4ADBB4-BF3D-4053-99D7-25921ABA80F1}.Debug|Any CPU.Build.0 = Debug|Any CPU
		{9F4ADBB4-BF3D-4053-99D7-25921ABA80F1}.Release|Any CPU.ActiveCfg = Release|Any CPU
		{9F4ADBB4-BF3D-4053-99D7-25921ABA80F1}.Release|Any CPU.Build.0 = Release|Any CPU
		{997B3116-4C07-4A04-A6E4-754A814A04B7}.Debug|Any CPU.ActiveCfg = Debug|Any CPU
		{997B3116-4C07-4A04-A6E4-754A814A04B7}.Debug|Any CPU.Build.0 = Debug|Any CPU
		{997B3116-4C07-4A04-A6E4-754A814A04B7}.Release|Any CPU.ActiveCfg = Release|Any CPU
		{997B3116-4C07-4A04-A6E4-754A814A04B7}.Release|Any CPU.Build.0 = Release|Any CPU
	EndGlobalSection
	GlobalSection(SolutionProperties) = preSolution
		HideSolutionNode = FALSE
	EndGlobalSection
	GlobalSection(ExtensibilityGlobals) = postSolution
		SolutionGuid = {A1945DF5-06B8-4622-85D3-E911EBEEA121}
	EndGlobalSection
EndGlobal
